
Microsoft Visual Studio Solution File, Format Version 12.00
# Visual Studio Version 16
VisualStudioVersion = 16.0.31129.286
MinimumVisualStudioVersion = 10.0.40219.1
Project("{FAE04EC0-301F-11D3-BF4B-00C04F79EFBC}") = "DnDPlayerManager", "DnDPlayerManager.csproj", "{F6635739-F466-4333-9787-8DF625820DA0}"
EndProject
Global
	GlobalSection(SolutionConfigurationPlatforms) = preSolution
		Debug|Any CPU = Debug|Any CPU
		Release|Any CPU = Release|Any CPU
	EndGlobalSection
	GlobalSection(ProjectConfigurationPlatforms) = postSolution
		{F6635739-F466-4333-9787-8DF625820DA0}.Debug|Any CPU.ActiveCfg = Debug|Any CPU
		{F6635739-F466-4333-9787-8DF625820DA0}.Debug|Any CPU.Build.0 = Debug|Any CPU
		{F6635739-F466-4333-9787-8DF625820DA0}.Release|Any CPU.ActiveCfg = Release|Any CPU
		{F6635739-F466-4333-9787-8DF625820DA0}.Release|Any CPU.Build.0 = Release|Any CPU
	EndGlobalSection
	GlobalSection(SolutionProperties) = preSolution
		HideSolutionNode = FALSE
	EndGlobalSection
	GlobalSection(ExtensibilityGlobals) = postSolution
		SolutionGuid = {D1255E49-6D21-45E9-9E0F-BD593EF0B836}
	EndGlobalSection
EndGlobal
